// !$*UTF8*$!
{
	archiveVersion = 1;
	classes = {
	};
	objectVersion = 50;
	objects = {

/* Begin PBXBuildFile section */
		8428363C20BAFAAD00E3C57E /* UINavigationController+Extension.swift in Sources */ = {isa = PBXBuildFile; fileRef = 8428363B20BAFAAD00E3C57E /* UINavigationController+Extension.swift */; };
		8428363E20BB34B000E3C57E /* CreateTaskViewController.swift in Sources */ = {isa = PBXBuildFile; fileRef = 8428363D20BB34B000E3C57E /* CreateTaskViewController.swift */; };
		8428364220BB5EDF00E3C57E /* ComponentsListViewController.swift in Sources */ = {isa = PBXBuildFile; fileRef = 8428364120BB5EDF00E3C57E /* ComponentsListViewController.swift */; };
		8428364520BB645300E3C57E /* ComponentsListViewController+UITableView.swift in Sources */ = {isa = PBXBuildFile; fileRef = 8428364420BB645300E3C57E /* ComponentsListViewController+UITableView.swift */; };
		8428364720BB65B900E3C57E /* ComponentsListTableViewCell.swift in Sources */ = {isa = PBXBuildFile; fileRef = 8428364620BB65B900E3C57E /* ComponentsListTableViewCell.swift */; };
		8428364920BB78B400E3C57E /* CreateComponentsListViewController.swift in Sources */ = {isa = PBXBuildFile; fileRef = 8428364820BB78B400E3C57E /* CreateComponentsListViewController.swift */; };
		84AC35D720B99C1F00C621E0 /* AppDelegate.swift in Sources */ = {isa = PBXBuildFile; fileRef = 84AC35D620B99C1F00C621E0 /* AppDelegate.swift */; };
		84AC35D920B99C1F00C621E0 /* TasklistViewController.swift in Sources */ = {isa = PBXBuildFile; fileRef = 84AC35D820B99C1F00C621E0 /* TasklistViewController.swift */; };
		84AC35DE20B99C2100C621E0 /* Assets.xcassets in Resources */ = {isa = PBXBuildFile; fileRef = 84AC35DD20B99C2100C621E0 /* Assets.xcassets */; };
		84AC35E120B99C2100C621E0 /* LaunchScreen.storyboard in Resources */ = {isa = PBXBuildFile; fileRef = 84AC35DF20B99C2100C621E0 /* LaunchScreen.storyboard */; };
		84AC35EA20B9FCFD00C621E0 /* TasklistViewController+UITableView.swift in Sources */ = {isa = PBXBuildFile; fileRef = 84AC35E920B9FCFD00C621E0 /* TasklistViewController+UITableView.swift */; };
		84AC35EC20B9FF1000C621E0 /* Helpers.swift in Sources */ = {isa = PBXBuildFile; fileRef = 84AC35EB20B9FF1000C621E0 /* Helpers.swift */; };
		84AC35EE20B9FFC000C621E0 /* TasksListTableViewCell.swift in Sources */ = {isa = PBXBuildFile; fileRef = 84AC35ED20B9FFC000C621E0 /* TasksListTableViewCell.swift */; };
		84AC35F120BA040600C621E0 /* UIColor+theme.swift in Sources */ = {isa = PBXBuildFile; fileRef = 84AC35F020BA040600C621E0 /* UIColor+theme.swift */; };
/* End PBXBuildFile section */

/* Begin PBXFileReference section */
		8428363B20BAFAAD00E3C57E /* UINavigationController+Extension.swift */ = {isa = PBXFileReference; lastKnownFileType = sourcecode.swift; path = "UINavigationController+Extension.swift"; sourceTree = "<group>"; };
		8428363D20BB34B000E3C57E /* CreateTaskViewController.swift */ = {isa = PBXFileReference; lastKnownFileType = sourcecode.swift; path = CreateTaskViewController.swift; sourceTree = "<group>"; };
		8428364120BB5EDF00E3C57E /* ComponentsListViewController.swift */ = {isa = PBXFileReference; lastKnownFileType = sourcecode.swift; path = ComponentsListViewController.swift; sourceTree = "<group>"; };
		8428364420BB645300E3C57E /* ComponentsListViewController+UITableView.swift */ = {isa = PBXFileReference; lastKnownFileType = sourcecode.swift; path = "ComponentsListViewController+UITableView.swift"; sourceTree = "<group>"; };
		8428364620BB65B900E3C57E /* ComponentsListTableViewCell.swift */ = {isa = PBXFileReference; lastKnownFileType = sourcecode.swift; path = ComponentsListTableViewCell.swift; sourceTree = "<group>"; };
		8428364820BB78B400E3C57E /* CreateComponentsListViewController.swift */ = {isa = PBXFileReference; lastKnownFileType = sourcecode.swift; path = CreateComponentsListViewController.swift; sourceTree = "<group>"; };
		84AC35D320B99C1F00C621E0 /* Time_Manager.app */ = {isa = PBXFileReference; explicitFileType = wrapper.application; includeInIndex = 0; path = Time_Manager.app; sourceTree = BUILT_PRODUCTS_DIR; };
		84AC35D620B99C1F00C621E0 /* AppDelegate.swift */ = {isa = PBXFileReference; lastKnownFileType = sourcecode.swift; path = AppDelegate.swift; sourceTree = "<group>"; };
		84AC35D820B99C1F00C621E0 /* TasklistViewController.swift */ = {isa = PBXFileReference; lastKnownFileType = sourcecode.swift; path = TasklistViewController.swift; sourceTree = "<group>"; };
		84AC35DD20B99C2100C621E0 /* Assets.xcassets */ = {isa = PBXFileReference; lastKnownFileType = folder.assetcatalog; path = Assets.xcassets; sourceTree = "<group>"; };
		84AC35E020B99C2100C621E0 /* Base */ = {isa = PBXFileReference; lastKnownFileType = file.storyboard; name = Base; path = Base.lproj/LaunchScreen.storyboard; sourceTree = "<group>"; };
		84AC35E220B99C2100C621E0 /* Info.plist */ = {isa = PBXFileReference; lastKnownFileType = text.plist.xml; path = Info.plist; sourceTree = "<group>"; };
		84AC35E920B9FCFD00C621E0 /* TasklistViewController+UITableView.swift */ = {isa = PBXFileReference; lastKnownFileType = sourcecode.swift; path = "TasklistViewController+UITableView.swift"; sourceTree = "<group>"; };
		84AC35EB20B9FF1000C621E0 /* Helpers.swift */ = {isa = PBXFileReference; lastKnownFileType = sourcecode.swift; path = Helpers.swift; sourceTree = "<group>"; };
		84AC35ED20B9FFC000C621E0 /* TasksListTableViewCell.swift */ = {isa = PBXFileReference; lastKnownFileType = sourcecode.swift; path = TasksListTableViewCell.swift; sourceTree = "<group>"; };
		84AC35F020BA040600C621E0 /* UIColor+theme.swift */ = {isa = PBXFileReference; lastKnownFileType = sourcecode.swift; path = "UIColor+theme.swift"; sourceTree = "<group>"; };
/* End PBXFileReference section */

/* Begin PBXFrameworksBuildPhase section */
		84AC35D020B99C1F00C621E0 /* Frameworks */ = {
			isa = PBXFrameworksBuildPhase;
			buildActionMask = 2147483647;
			files = (
			);
			runOnlyForDeploymentPostprocessing = 0;
		};
/* End PBXFrameworksBuildPhase section */

/* Begin PBXGroup section */
		8428364020BB34E400E3C57E /* Support Files */ = {
			isa = PBXGroup;
			children = (
				84AC35DF20B99C2100C621E0 /* LaunchScreen.storyboard */,
				84AC35DD20B99C2100C621E0 /* Assets.xcassets */,
			);
			path = "Support Files";
			sourceTree = "<group>";
		};
		8428364320BB62FD00E3C57E /* ComponentListVC */ = {
			isa = PBXGroup;
			children = (
				8428364120BB5EDF00E3C57E /* ComponentsListViewController.swift */,
				8428364420BB645300E3C57E /* ComponentsListViewController+UITableView.swift */,
				8428364620BB65B900E3C57E /* ComponentsListTableViewCell.swift */,
				8428364820BB78B400E3C57E /* CreateComponentsListViewController.swift */,
			);
			path = ComponentListVC;
			sourceTree = "<group>";
		};
		84AC35CA20B99C1F00C621E0 = {
			isa = PBXGroup;
			children = (
				84AC35D520B99C1F00C621E0 /* Time_Manager */,
				84AC35D420B99C1F00C621E0 /* Products */,
			);
			sourceTree = "<group>";
		};
		84AC35D420B99C1F00C621E0 /* Products */ = {
			isa = PBXGroup;
			children = (
				84AC35D320B99C1F00C621E0 /* Time_Manager.app */,
			);
			name = Products;
			sourceTree = "<group>";
		};
		84AC35D520B99C1F00C621E0 /* Time_Manager */ = {
			isa = PBXGroup;
			children = (
				84AC35D620B99C1F00C621E0 /* AppDelegate.swift */,
				84AC35E820B9FC7800C621E0 /* TasksListVC */,
				8428364320BB62FD00E3C57E /* ComponentListVC */,
				8428364020BB34E400E3C57E /* Support Files */,
				84AC35EF20BA03F000C621E0 /* Extras */,
				84AC35E220B99C2100C621E0 /* Info.plist */,
			);
			path = Time_Manager;
			sourceTree = "<group>";
		};
		84AC35E820B9FC7800C621E0 /* TasksListVC */ = {
			isa = PBXGroup;
			children = (
				84AC35D820B99C1F00C621E0 /* TasklistViewController.swift */,
				84AC35E920B9FCFD00C621E0 /* TasklistViewController+UITableView.swift */,
				84AC35ED20B9FFC000C621E0 /* TasksListTableViewCell.swift */,
				8428363D20BB34B000E3C57E /* CreateTaskViewController.swift */,
			);
			path = TasksListVC;
			sourceTree = "<group>";
		};
		84AC35EF20BA03F000C621E0 /* Extras */ = {
			isa = PBXGroup;
			children = (
				84AC35EB20B9FF1000C621E0 /* Helpers.swift */,
				84AC35F020BA040600C621E0 /* UIColor+theme.swift */,
				8428363B20BAFAAD00E3C57E /* UINavigationController+Extension.swift */,
			);
			path = Extras;
			sourceTree = "<group>";
		};
/* End PBXGroup section */

/* Begin PBXNativeTarget section */
		84AC35D220B99C1F00C621E0 /* Time_Manager */ = {
			isa = PBXNativeTarget;
			buildConfigurationList = 84AC35E520B99C2100C621E0 /* Build configuration list for PBXNativeTarget "Time_Manager" */;
			buildPhases = (
				84AC35CF20B99C1F00C621E0 /* Sources */,
				84AC35D020B99C1F00C621E0 /* Frameworks */,
				84AC35D120B99C1F00C621E0 /* Resources */,
			);
			buildRules = (
			);
			dependencies = (
			);
			name = Time_Manager;
			productName = Time_Manager;
			productReference = 84AC35D320B99C1F00C621E0 /* Time_Manager.app */;
			productType = "com.apple.product-type.application";
		};
/* End PBXNativeTarget section */

/* Begin PBXProject section */
		84AC35CB20B99C1F00C621E0 /* Project object */ = {
			isa = PBXProject;
			attributes = {
				LastSwiftUpdateCheck = 0930;
				LastUpgradeCheck = 0930;
				ORGANIZATIONNAME = admin;
				TargetAttributes = {
					84AC35D220B99C1F00C621E0 = {
						CreatedOnToolsVersion = 9.3.1;
					};
				};
			};
			buildConfigurationList = 84AC35CE20B99C1F00C621E0 /* Build configuration list for PBXProject "Time_Manager" */;
			compatibilityVersion = "Xcode 9.3";
			developmentRegion = en;
			hasScannedForEncodings = 0;
			knownRegions = (
				en,
				Base,
			);
			mainGroup = 84AC35CA20B99C1F00C621E0;
			productRefGroup = 84AC35D420B99C1F00C621E0 /* Products */;
			projectDirPath = "";
			projectRoot = "";
			targets = (
				84AC35D220B99C1F00C621E0 /* Time_Manager */,
			);
		};
/* End PBXProject section */

/* Begin PBXResourcesBuildPhase section */
		84AC35D120B99C1F00C621E0 /* Resources */ = {
			isa = PBXResourcesBuildPhase;
			buildActionMask = 2147483647;
			files = (
				84AC35E120B99C2100C621E0 /* LaunchScreen.storyboard in Resources */,
				84AC35DE20B99C2100C621E0 /* Assets.xcassets in Resources */,
			);
			runOnlyForDeploymentPostprocessing = 0;
		};
/* End PBXResourcesBuildPhase section */

/* Begin PBXSourcesBuildPhase section */
		84AC35CF20B99C1F00C621E0 /* Sources */ = {
			isa = PBXSourcesBuildPhase;
			buildActionMask = 2147483647;
			files = (
				8428364920BB78B400E3C57E /* CreateComponentsListViewController.swift in Sources */,
				84AC35EE20B9FFC000C621E0 /* TasksListTableViewCell.swift in Sources */,
				84AC35D920B99C1F00C621E0 /* TasklistViewController.swift in Sources */,
				8428364520BB645300E3C57E /* ComponentsListViewController+UITableView.swift in Sources */,
				84AC35D720B99C1F00C621E0 /* AppDelegate.swift in Sources */,
				84AC35F120BA040600C621E0 /* UIColor+theme.swift in Sources */,
				8428363C20BAFAAD00E3C57E /* UINavigationController+Extension.swift in Sources */,
				84AC35EA20B9FCFD00C621E0 /* TasklistViewController+UITableView.swift in Sources */,
				8428364720BB65B900E3C57E /* ComponentsListTableViewCell.swift in Sources */,
				84AC35EC20B9FF1000C621E0 /* Helpers.swift in Sources */,
				8428363E20BB34B000E3C57E /* CreateTaskViewController.swift in Sources */,
				8428364220BB5EDF00E3C57E /* ComponentsListViewController.swift in Sources */,
			);
			runOnlyForDeploymentPostprocessing = 0;
		};
/* End PBXSourcesBuildPhase section */

/* Begin PBXVariantGroup section */
		84AC35DF20B99C2100C621E0 /* LaunchScreen.storyboard */ = {
			isa = PBXVariantGroup;
			children = (
				84AC35E020B99C2100C621E0 /* Base */,
			);
			name = LaunchScreen.storyboard;
			sourceTree = "<group>";
		};
/* End PBXVariantGroup section */

/* Begin XCBuildConfiguration section */
		84AC35E320B99C2100C621E0 /* Debug */ = {
			isa = XCBuildConfiguration;
			buildSettings = {
				ALWAYS_SEARCH_USER_PATHS = NO;
				CLANG_ANALYZER_NONNULL = YES;
				CLANG_ANALYZER_NUMBER_OBJECT_CONVERSION = YES_AGGRESSIVE;
				CLANG_CXX_LANGUAGE_STANDARD = "gnu++14";
				CLANG_CXX_LIBRARY = "libc++";
				CLANG_ENABLE_MODULES = YES;
				CLANG_ENABLE_OBJC_ARC = YES;
				CLANG_ENABLE_OBJC_WEAK = YES;
				CLANG_WARN_BLOCK_CAPTURE_AUTORELEASING = YES;
				CLANG_WARN_BOOL_CONVERSION = YES;
				CLANG_WARN_COMMA = YES;
				CLANG_WARN_CONSTANT_CONVERSION = YES;
				CLANG_WARN_DEPRECATED_OBJC_IMPLEMENTATIONS = YES;
				CLANG_WARN_DIRECT_OBJC_ISA_USAGE = YES_ERROR;
				CLANG_WARN_DOCUMENTATION_COMMENTS = YES;
				CLANG_WARN_EMPTY_BODY = YES;
				CLANG_WARN_ENUM_CONVERSION = YES;
				CLANG_WARN_INFINITE_RECURSION = YES;
				CLANG_WARN_INT_CONVERSION = YES;
				CLANG_WARN_NON_LITERAL_NULL_CONVERSION = YES;
				CLANG_WARN_OBJC_IMPLICIT_RETAIN_SELF = YES;
				CLANG_WARN_OBJC_LITERAL_CONVERSION = YES;
				CLANG_WARN_OBJC_ROOT_CLASS = YES_ERROR;
				CLANG_WARN_RANGE_LOOP_ANALYSIS = YES;
				CLANG_WARN_STRICT_PROTOTYPES = YES;
				CLANG_WARN_SUSPICIOUS_MOVE = YES;
				CLANG_WARN_UNGUARDED_AVAILABILITY = YES_AGGRESSIVE;
				CLANG_WARN_UNREACHABLE_CODE = YES;
				CLANG_WARN__DUPLICATE_METHOD_MATCH = YES;
				CODE_SIGN_IDENTITY = "iPhone Developer";
				COPY_PHASE_STRIP = NO;
				DEBUG_INFORMATION_FORMAT = dwarf;
				ENABLE_STRICT_OBJC_MSGSEND = YES;
				ENABLE_TESTABILITY = YES;
				GCC_C_LANGUAGE_STANDARD = gnu11;
				GCC_DYNAMIC_NO_PIC = NO;
				GCC_NO_COMMON_BLOCKS = YES;
				GCC_OPTIMIZATION_LEVEL = 0;
				GCC_PREPROCESSOR_DEFINITIONS = (
					"DEBUG=1",
					"$(inherited)",
				);
				GCC_WARN_64_TO_32_BIT_CONVERSION = YES;
				GCC_WARN_ABOUT_RETURN_TYPE = YES_ERROR;
				GCC_WARN_UNDECLARED_SELECTOR = YES;
				GCC_WARN_UNINITIALIZED_AUTOS = YES_AGGRESSIVE;
				GCC_WARN_UNUSED_FUNCTION = YES;
				GCC_WARN_UNUSED_VARIABLE = YES;
				IPHONEOS_DEPLOYMENT_TARGET = 11.3;
				MTL_ENABLE_DEBUG_INFO = YES;
				ONLY_ACTIVE_ARCH = YES;
				SDKROOT = iphoneos;
				SWIFT_ACTIVE_COMPILATION_CONDITIONS = DEBUG;
				SWIFT_OPTIMIZATION_LEVEL = "-Onone";
			};
			name = Debug;
		};
		84AC35E420B99C2100C621E0 /* Release */ = {
			isa = XCBuildConfiguration;
			buildSettings = {
				ALWAYS_SEARCH_USER_PATHS = NO;
				CLANG_ANALYZER_NONNULL = YES;
				CLANG_ANALYZER_NUMBER_OBJECT_CONVERSION = YES_AGGRESSIVE;
				CLANG_CXX_LANGUAGE_STANDARD = "gnu++14";
				CLANG_CXX_LIBRARY = "libc++";
				CLANG_ENABLE_MODULES = YES;
				CLANG_ENABLE_OBJC_ARC = YES;
				CLANG_ENABLE_OBJC_WEAK = YES;
				CLANG_WARN_BLOCK_CAPTURE_AUTORELEASING = YES;
				CLANG_WARN_BOOL_CONVERSION = YES;
				CLANG_WARN_COMMA = YES;
				CLANG_WARN_CONSTANT_CONVERSION = YES;
				CLANG_WARN_DEPRECATED_OBJC_IMPLEMENTATIONS = YES;
				CLANG_WARN_DIRECT_OBJC_ISA_USAGE = YES_ERROR;
				CLANG_WARN_DOCUMENTATION_COMMENTS = YES;
				CLANG_WARN_EMPTY_BODY = YES;
				CLANG_WARN_ENUM_CONVERSION = YES;
				CLANG_WARN_INFINITE_RECURSION = YES;
				CLANG_WARN_INT_CONVERSION = YES;
				CLANG_WARN_NON_LITERAL_NULL_CONVERSION = YES;
				CLANG_WARN_OBJC_IMPLICIT_RETAIN_SELF = YES;
				CLANG_WARN_OBJC_LITERAL_CONVERSION = YES;
				CLANG_WARN_OBJC_ROOT_CLASS = YES_ERROR;
				CLANG_WARN_RANGE_LOOP_ANALYSIS = YES;
				CLANG_WARN_STRICT_PROTOTYPES = YES;
				CLANG_WARN_SUSPICIOUS_MOVE = YES;
				CLANG_WARN_UNGUARDED_AVAILABILITY = YES_AGGRESSIVE;
				CLANG_WARN_UNREACHABLE_CODE = YES;
				CLANG_WARN__DUPLICATE_METHOD_MATCH = YES;
				CODE_SIGN_IDENTITY = "iPhone Developer";
				COPY_PHASE_STRIP = NO;
				DEBUG_INFORMATION_FORMAT = "dwarf-with-dsym";
				ENABLE_NS_ASSERTIONS = NO;
				ENABLE_STRICT_OBJC_MSGSEND = YES;
				GCC_C_LANGUAGE_STANDARD = gnu11;
				GCC_NO_COMMON_BLOCKS = YES;
				GCC_WARN_64_TO_32_BIT_CONVERSION = YES;
				GCC_WARN_ABOUT_RETURN_TYPE = YES_ERROR;
				GCC_WARN_UNDECLARED_SELECTOR = YES;
				GCC_WARN_UNINITIALIZED_AUTOS = YES_AGGRESSIVE;
				GCC_WARN_UNUSED_FUNCTION = YES;
				GCC_WARN_UNUSED_VARIABLE = YES;
				IPHONEOS_DEPLOYMENT_TARGET = 11.3;
				MTL_ENABLE_DEBUG_INFO = NO;
				SDKROOT = iphoneos;
				SWIFT_COMPILATION_MODE = wholemodule;
				SWIFT_OPTIMIZATION_LEVEL = "-O";
				VALIDATE_PRODUCT = YES;
			};
			name = Release;
		};
		84AC35E620B99C2100C621E0 /* Debug */ = {
			isa = XCBuildConfiguration;
			buildSettings = {
				ASSETCATALOG_COMPILER_APPICON_NAME = AppIcon;
				CODE_SIGN_STYLE = Automatic;
				DEVELOPMENT_TEAM = S47KDE6E7N;
				INFOPLIST_FILE = Time_Manager/Info.plist;
				LD_RUNPATH_SEARCH_PATHS = (
					"$(inherited)",
					"@executable_path/Frameworks",
				);
				PRODUCT_BUNDLE_IDENTIFIER = "edu.asf.we.sa.Time-Manager";
				PRODUCT_NAME = "$(TARGET_NAME)";
				SWIFT_VERSION = 4.0;
				TARGETED_DEVICE_FAMILY = "1,2";
			};
			name = Debug;
		};
		84AC35E720B99C2100C621E0 /* Release */ = {
			isa = XCBuildConfiguration;
			buildSettings = {
				ASSETCATALOG_COMPILER_APPICON_NAME = AppIcon;
				CODE_SIGN_STYLE = Automatic;
				DEVELOPMENT_TEAM = S47KDE6E7N;
				INFOPLIST_FILE = Time_Manager/Info.plist;
				LD_RUNPATH_SEARCH_PATHS = (
					"$(inherited)",
					"@executable_path/Frameworks",
				);
				PRODUCT_BUNDLE_IDENTIFIER = "edu.asf.we.sa.Time-Manager";
				PRODUCT_NAME = "$(TARGET_NAME)";
				SWIFT_VERSION = 4.0;
				TARGETED_DEVICE_FAMILY = "1,2";
			};
			name = Release;
		};
/* End XCBuildConfiguration section */

/* Begin XCConfigurationList section */
		84AC35CE20B99C1F00C621E0 /* Build configuration list for PBXProject "Time_Manager" */ = {
			isa = XCConfigurationList;
			buildConfigurations = (
				84AC35E320B99C2100C621E0 /* Debug */,
				84AC35E420B99C2100C621E0 /* Release */,
			);
			defaultConfigurationIsVisible = 0;
			defaultConfigurationName = Release;
		};
		84AC35E520B99C2100C621E0 /* Build configuration list for PBXNativeTarget "Time_Manager" */ = {
			isa = XCConfigurationList;
			buildConfigurations = (
				84AC35E620B99C2100C621E0 /* Debug */,
				84AC35E720B99C2100C621E0 /* Release */,
			);
			defaultConfigurationIsVisible = 0;
			defaultConfigurationName = Release;
		};
/* End XCConfigurationList section */
	};
	rootObject = 84AC35CB20B99C1F00C621E0 /* Project object */;
}
